
Microsoft Visual Studio Solution File, Format Version 12.00
# Visual Studio Version 16
VisualStudioVersion = 16.0.37206.5
MinimumVisualStudioVersion = 10.0.40219.1
Project("{FAE04EC0-301F-11D3-BF4B-00C04F79EFBC}") = "TreasurePlus", "TreasurePlus.csproj", "{768ECF7D-DB27-4D76-BD69-5D7F067C5DCD}"
EndProject
Global
	GlobalSection(SolutionConfigurationPlatforms) = preSolution
		Debug|Any CPU = Debug|Any CPU
		Release|Any CPU = Release|Any CPU
	EndGlobalSection
	GlobalSection(ProjectConfigurationPlatforms) = postSolution
		{768ECF7D-DB27-4D76-BD69-5D7F067C5DCD}.Debug|Any CPU.ActiveCfg = Debug|Any CPU
		{768ECF7D-DB27-4D76-BD69-5D7F067C5DCD}.Debug|Any CPU.Build.0 = Debug|Any CPU
		{768ECF7D-DB27-4D76-BD69-5D7F067C5DCD}.Release|Any CPU.ActiveCfg = Release|Any CPU
		{768ECF7D-DB27-4D76-BD69-5D7F067C5DCD}.Release|Any CPU.Build.0 = Release|Any CPU
	EndGlobalSection
	GlobalSection(SolutionProperties) = preSolution
		HideSolutionNode = FALSE
	EndGlobalSection
	GlobalSection(ExtensibilityGlobals) = postSolution
		SolutionGuid = {AF1FF8E6-16A0-4A52-8971-68B0F8EA0245}
	EndGlobalSection
EndGlobal
